
Microsoft Visual Studio Solution File, Format Version 12.00
# Visual Studio 15
VisualStudioVersion = 15.0.26430.6
MinimumVisualStudioVersion = 10.0.40219.1
Project("{9092AA53-FB77-4645-B42D-1CCCA6BD08BD}") = "SimplerDiscordExample", "SimplerDiscordExample\SimplerDiscordExample.njsproj", "{0C2ACF8B-7A9D-4678-8518-2E1FD66E2F0E}"
EndProject
Project("{2150E333-8FDC-42A3-9474-1A3956D46DE8}") = "Solution Items", "Solution Items", "{83221B8E-633F-4A3E-8E93-1D3CB81F4E2D}"
	ProjectSection(SolutionItems) = preProject
		Licence = Licence
		README.md = README.md
	EndProjectSection
EndProject
Project("{9092AA53-FB77-4645-B42D-1CCCA6BD08BD}") = "SimplerDiscord", "SimplerDiscord\SimplerDiscord.njsproj", "{1B576781-BB85-4265-8E8F-D5E2220E015E}"
EndProject
Global
	GlobalSection(SolutionConfigurationPlatforms) = preSolution
		Debug|Any CPU = Debug|Any CPU
		Release|Any CPU = Release|Any CPU
	EndGlobalSection
	GlobalSection(ProjectConfigurationPlatforms) = postSolution
		{0C2ACF8B-7A9D-4678-8518-2E1FD66E2F0E}.Debug|Any CPU.ActiveCfg = Debug|Any CPU
		{0C2ACF8B-7A9D-4678-8518-2E1FD66E2F0E}.Debug|Any CPU.Build.0 = Debug|Any CPU
		{0C2ACF8B-7A9D-4678-8518-2E1FD66E2F0E}.Release|Any CPU.ActiveCfg = Release|Any CPU
		{0C2ACF8B-7A9D-4678-8518-2E1FD66E2F0E}.Release|Any CPU.Build.0 = Release|Any CPU
		{1B576781-BB85-4265-8E8F-D5E2220E015E}.Debug|Any CPU.ActiveCfg = Debug|Any CPU
		{1B576781-BB85-4265-8E8F-D5E2220E015E}.Debug|Any CPU.Build.0 = Debug|Any CPU
		{1B576781-BB85-4265-8E8F-D5E2220E015E}.Release|Any CPU.ActiveCfg = Release|Any CPU
		{1B576781-BB85-4265-8E8F-D5E2220E015E}.Release|Any CPU.Build.0 = Release|Any CPU
	EndGlobalSection
	GlobalSection(SolutionProperties) = preSolution
		HideSolutionNode = FALSE
	EndGlobalSection
EndGlobal
